
Microsoft Visual Studio Solution File, Format Version 12.00
# Visual Studio for Mac
Project("{FAE04EC0-301F-11D3-BF4B-00C04F79EFBC}") = "Assembly-CSharp", "Assembly-CSharp.csproj", "{317F2172-7A8D-1ADE-6F19-DF95BAAF95CA}"
EndProject
Project("{FAE04EC0-301F-11D3-BF4B-00C04F79EFBC}") = "Tests", "Tests.csproj", "{6FF4A949-A0C3-4602-0989-E427DA81D890}"
EndProject
Project("{FAE04EC0-301F-11D3-BF4B-00C04F79EFBC}") = "Assembly-CSharp-Editor", "Assembly-CSharp-Editor.csproj", "{8D7F8DD4-4FF7-F7DB-80CE-D025DEF6A8F3}"
EndProject
Global
	GlobalSection(SolutionConfigurationPlatforms) = preSolution
		Debug|Any CPU = Debug|Any CPU
		Release|Any CPU = Release|Any CPU
	EndGlobalSection
	GlobalSection(ProjectConfigurationPlatforms) = postSolution
		{317F2172-7A8D-1ADE-6F19-DF95BAAF95CA}.Debug|Any CPU.ActiveCfg = Debug|Any CPU
		{317F2172-7A8D-1ADE-6F19-DF95BAAF95CA}.Debug|Any CPU.Build.0 = Debug|Any CPU
		{317F2172-7A8D-1ADE-6F19-DF95BAAF95CA}.Release|Any CPU.ActiveCfg = Release|Any CPU
		{317F2172-7A8D-1ADE-6F19-DF95BAAF95CA}.Release|Any CPU.Build.0 = Release|Any CPU
		{6FF4A949-A0C3-4602-0989-E427DA81D890}.Debug|Any CPU.ActiveCfg = Debug|Any CPU
		{6FF4A949-A0C3-4602-0989-E427DA81D890}.Debug|Any CPU.Build.0 = Debug|Any CPU
		{6FF4A949-A0C3-4602-0989-E427DA81D890}.Release|Any CPU.ActiveCfg = Release|Any CPU
		{6FF4A949-A0C3-4602-0989-E427DA81D890}.Release|Any CPU.Build.0 = Release|Any CPU
		{8D7F8DD4-4FF7-F7DB-80CE-D025DEF6A8F3}.Debug|Any CPU.ActiveCfg = Debug|Any CPU
		{8D7F8DD4-4FF7-F7DB-80CE-D025DEF6A8F3}.Debug|Any CPU.Build.0 = Debug|Any CPU
		{8D7F8DD4-4FF7-F7DB-80CE-D025DEF6A8F3}.Release|Any CPU.ActiveCfg = Release|Any CPU
		{8D7F8DD4-4FF7-F7DB-80CE-D025DEF6A8F3}.Release|Any CPU.Build.0 = Release|Any CPU
	EndGlobalSection
	GlobalSection(SolutionProperties) = preSolution
		HideSolutionNode = FALSE
	EndGlobalSection
EndGlobal
